<?xml version="1.0" encoding="UTF-8" standalone="yes" ?>
<CodeBlocks_project_file>
	<FileVersion major="1" minor="6" />
	<Project>
		<Option title="plot" />
		<Option platforms="Unix;Mac;" />
		<Option compiler="gcc" />
		<Build>
			<Target title="terminal debug">
				<Option output="bin/Debug/terminal" prefix_auto="1" extension_auto="1" />
				<Option object_output="obj/Debug/" />
				<Option type="1" />
				<Option compiler="gcc" />
				<Compiler>
					<Add option="-pedantic" />
					<Add option="-Wextra" />
					<Add option="-Wall" />
					<Add option="-std=c++14" />
					<Add option="-g" />
					<Add option="-Werror" />
				</Compiler>
				<Linker>
					<Add library="m" />
				</Linker>
			</Target>
			<Target title="terminal release">
				<Option output="bin/Release/terminal" prefix_auto="1" extension_auto="1" />
				<Option object_output="obj/Release/" />
				<Option type="1" />
				<Option compiler="gcc" />
				<Compiler>
					<Add option="-pedantic" />
					<Add option="-Wextra" />
					<Add option="-Wall" />
					<Add option="-std=c++14" />
					<Add option="-Werror -Ofast" />
					<Add option="-DNDEBUG" />
				</Compiler>
				<Linker>
					<Add option="-s" />
					<Add library="m" />
				</Linker>
			</Target>
			<Target title="canvas debug">
				<Option output="bin/Debug/canvas" prefix_auto="1" extension_auto="1" />
				<Option object_output="obj/Debug/" />
				<Option type="1" />
				<Option compiler="gcc" />
				<Compiler>
					<Add option="-pedantic" />
					<Add option="-Wextra" />
					<Add option="-Wall" />
					<Add option="-std=c++14" />
					<Add option="-g" />
					<Add option="-Werror" />
				</Compiler>
				<Linker>
					<Add library="m" />
				</Linker>
			</Target>
			<Target title="canvas release">
				<Option output="bin/Release/canvas" prefix_auto="1" extension_auto="1" />
				<Option object_output="obj/Release/" />
				<Option type="1" />
				<Option compiler="gcc" />
				<Compiler>
					<Add option="-pedantic" />
					<Add option="-Wextra" />
					<Add option="-Wall" />
					<Add option="-std=c++14" />
					<Add option="-Werror -Ofast" />
					<Add option="-DNDEBUG" />
				</Compiler>
				<Linker>
					<Add option="-s" />
					<Add library="m" />
				</Linker>
			</Target>
			<Target title="real_canvas debug">
				<Option output="bin/Debug/real_canvas" prefix_auto="1" extension_auto="1" />
				<Option object_output="obj/Debug/" />
				<Option type="1" />
				<Option compiler="gcc" />
				<Compiler>
					<Add option="-pedantic" />
					<Add option="-Wextra" />
					<Add option="-Wall" />
					<Add option="-std=c++14" />
					<Add option="-g" />
					<Add option="-Werror" />
				</Compiler>
				<Linker>
					<Add library="m" />
				</Linker>
			</Target>
			<Target title="real_canvas release">
				<Option output="bin/Release/real_canvas" prefix_auto="1" extension_auto="1" />
				<Option object_output="obj/Release/" />
				<Option type="1" />
				<Option compiler="gcc" />
				<Compiler>
					<Add option="-pedantic" />
					<Add option="-Wextra" />
					<Add option="-Wall" />
					<Add option="-std=c++14" />
					<Add option="-Werror -Ofast" />
					<Add option="-DNDEBUG" />
				</Compiler>
				<Linker>
					<Add option="-s" />
					<Add library="m" />
				</Linker>
			</Target>
			<Target title="frame debug">
				<Option output="bin/Debug/frame" prefix_auto="1" extension_auto="1" />
				<Option object_output="obj/Debug/" />
				<Option type="1" />
				<Option compiler="gcc" />
				<Compiler>
					<Add option="-pedantic" />
					<Add option="-Wextra" />
					<Add option="-Wall" />
					<Add option="-std=c++14" />
					<Add option="-g" />
					<Add option="-Werror" />
				</Compiler>
				<Linker>
					<Add library="m" />
				</Linker>
			</Target>
			<Target title="frame release">
				<Option output="bin/Release/frame" prefix_auto="1" extension_auto="1" />
				<Option object_output="obj/Release/" />
				<Option type="1" />
				<Option compiler="gcc" />
				<Compiler>
					<Add option="-pedantic" />
					<Add option="-Wextra" />
					<Add option="-Wall" />
					<Add option="-std=c++14" />
					<Add option="-Werror -Ofast" />
					<Add option="-DNDEBUG" />
				</Compiler>
				<Linker>
					<Add option="-s" />
					<Add library="m" />
				</Linker>
			</Target>
			<Target title="animation debug">
				<Option output="bin/Debug/animation" prefix_auto="1" extension_auto="1" />
				<Option object_output="obj/Debug/" />
				<Option type="1" />
				<Option compiler="gcc" />
				<Compiler>
					<Add option="-pedantic" />
					<Add option="-Wextra" />
					<Add option="-Wall" />
					<Add option="-std=c++14" />
					<Add option="-g" />
					<Add option="-Werror" />
				</Compiler>
				<Linker>
					<Add library="m" />
				</Linker>
			</Target>
			<Target title="animation release">
				<Option output="bin/Release/animation" prefix_auto="1" extension_auto="1" />
				<Option object_output="obj/Release/" />
				<Option type="1" />
				<Option compiler="gcc" />
				<Compiler>
					<Add option="-pedantic" />
					<Add option="-Wextra" />
					<Add option="-Wall" />
					<Add option="-std=c++14" />
					<Add option="-Werror -Ofast" />
					<Add option="-DNDEBUG" />
				</Compiler>
				<Linker>
					<Add option="-s" />
					<Add library="m" />
				</Linker>
			</Target>
			<Target title="boxes debug">
				<Option output="bin/Debug/boxes" prefix_auto="1" extension_auto="1" />
				<Option object_output="obj/Debug/" />
				<Option type="1" />
				<Option compiler="gcc" />
				<Compiler>
					<Add option="-pedantic" />
					<Add option="-Wextra" />
					<Add option="-Wall" />
					<Add option="-std=c++14" />
					<Add option="-g" />
					<Add option="-Werror" />
				</Compiler>
				<Linker>
					<Add library="m" />
				</Linker>
			</Target>
			<Target title="boxes release">
				<Option output="bin/Release/boxes" prefix_auto="1" extension_auto="1" />
				<Option object_output="obj/Release/" />
				<Option type="1" />
				<Option compiler="gcc" />
				<Compiler>
					<Add option="-pedantic" />
					<Add option="-Wextra" />
					<Add option="-Wall" />
					<Add option="-std=c++14" />
					<Add option="-Werror -Ofast" />
					<Add option="-DNDEBUG" />
				</Compiler>
				<Linker>
					<Add option="-s" />
					<Add library="m" />
				</Linker>
			</Target>
		</Build>
		<VirtualTargets>
			<Add alias="Debug" targets="terminal debug;canvas debug;real_canvas debug;frame debug;animation debug;boxes debug;" />
			<Add alias="Release" targets="terminal release;canvas release;real_canvas release;frame release;animation release;boxes release;" />
		</VirtualTargets>
		<Compiler>
			<Add option="-Wall" />
		</Compiler>
		<Unit filename="../braille.hpp" />
		<Unit filename="../color.hpp" />
		<Unit filename="../examples/animation.cpp">
			<Option target="animation debug" />
			<Option target="animation release" />
		</Unit>
		<Unit filename="../examples/boxes.cpp">
			<Option target="boxes debug" />
			<Option target="boxes release" />
		</Unit>
		<Unit filename="../examples/canvas.cpp">
			<Option target="canvas debug" />
			<Option target="canvas release" />
		</Unit>
		<Unit filename="../examples/frame.cpp">
			<Option target="frame debug" />
			<Option target="frame release" />
		</Unit>
		<Unit filename="../examples/real_canvas.cpp">
			<Option target="real_canvas debug" />
			<Option target="real_canvas release" />
		</Unit>
		<Unit filename="../examples/terminal.cpp">
			<Option target="terminal debug" />
			<Option target="terminal release" />
		</Unit>
		<Unit filename="../layout.hpp" />
		<Unit filename="../point.hpp" />
		<Unit filename="../real_canvas.hpp" />
		<Unit filename="../rect.hpp" />
		<Unit filename="../string_view.hpp" />
		<Unit filename="../terminal.hpp" />
		<Unit filename="../utils.hpp" />
		<Extensions>
			<code_completion />
			<envvars />
			<lib_finder disable_auto="1" />
			<debugger />
		</Extensions>
	</Project>
</CodeBlocks_project_file>
